
Microsoft Visual Studio Solution File, Format Version 12.00
# Visual Studio Version 17
VisualStudioVersion = 17.13.35919.96
MinimumVisualStudioVersion = 10.0.40219.1
Project("{2150E333-8FDC-42A3-9474-1A3956D46DE8}") = "Endpoint", "Endpoint", "{02EA681E-C7D8-13C7-8484-4AC65E1B71E8}"
EndProject
Project("{2150E333-8FDC-42A3-9474-1A3956D46DE8}") = "Application", "Application", "{32650331-705F-46AE-B5DD-BB2E0F71BA75}"
EndProject
Project("{2150E333-8FDC-42A3-9474-1A3956D46DE8}") = "Domain", "Domain", "{B4FDB122-A767-4FDC-9E74-317664E0AB16}"
EndProject
Project("{2150E333-8FDC-42A3-9474-1A3956D46DE8}") = "Infrastructure", "Infrastructure", "{8AA19372-0523-46CF-BE25-F013480C0D91}"
EndProject
Project("{2150E333-8FDC-42A3-9474-1A3956D46DE8}") = "Lobby", "Lobby", "{251F7CA3-9554-4ADC-97FE-B673754969E8}"
EndProject
Project("{2150E333-8FDC-42A3-9474-1A3956D46DE8}") = "Players", "Players", "{AF928565-74F3-471E-8E7B-B679989840A5}"
EndProject
Project("{2150E333-8FDC-42A3-9474-1A3956D46DE8}") = "Application", "Application", "{7D9B651B-4AAB-4599-8A47-8A24FAD08E54}"
EndProject
Project("{FAE04EC0-301F-11D3-BF4B-00C04F79EFBC}") = "Application", "Lobby\Application\Application.csproj", "{F79DF93B-6220-6B24-B110-14BE1C6FCEFE}"
EndProject
Project("{FAE04EC0-301F-11D3-BF4B-00C04F79EFBC}") = "Domain", "Lobby\Domain\Domain.csproj", "{BEACFA56-5FD1-4DBE-73B6-FD183A9AC4D7}"
EndProject
Project("{FAE04EC0-301F-11D3-BF4B-00C04F79EFBC}") = "GameLobby", "Lobby\GameLobby\GameLobby.csproj", "{5F63C8C6-6CD8-218F-F411-5081475800C3}"
EndProject
Project("{FAE04EC0-301F-11D3-BF4B-00C04F79EFBC}") = "Infrastructure", "Lobby\Infrastructure\Infrastructure.csproj", "{753B92A2-8B8F-DE28-7C89-84668EBD73B7}"
EndProject
Project("{2150E333-8FDC-42A3-9474-1A3956D46DE8}") = "Endpoint", "Endpoint", "{9C29F597-1CDA-4B60-9FDB-45E4B8CE20BD}"
EndProject
Project("{FAE04EC0-301F-11D3-BF4B-00C04F79EFBC}") = "Players", "Players\Endpoint\Players\Players.csproj", "{F95AB4AD-1222-4528-82C0-FC844BF508E2}"
EndProject
Project("{FAE04EC0-301F-11D3-BF4B-00C04F79EFBC}") = "Application", "Players\Application\Application.csproj", "{C85C1218-04FB-4C2E-B9DA-DC746F215AF1}"
EndProject
Project("{2150E333-8FDC-42A3-9474-1A3956D46DE8}") = "Domain", "Domain", "{DC679307-7DA9-4312-B717-ECEE50A6F09F}"
EndProject
Project("{FAE04EC0-301F-11D3-BF4B-00C04F79EFBC}") = "Domain", "Players\Domain\Domain.csproj", "{1D2E6C0A-CE03-4C53-99E5-852E4EFC708B}"
EndProject
Project("{2150E333-8FDC-42A3-9474-1A3956D46DE8}") = "Infrastructure", "Infrastructure", "{5073413F-37F9-4F6A-808D-17A9F44F98A3}"
EndProject
Project("{FAE04EC0-301F-11D3-BF4B-00C04F79EFBC}") = "Infrastructure", "Players\Infrastructure\Infrastructure.csproj", "{6E5D14B5-7015-4240-B353-BDF3A5B65C6F}"
EndProject
Global
	GlobalSection(SolutionConfigurationPlatforms) = preSolution
		Debug|Any CPU = Debug|Any CPU
		Release|Any CPU = Release|Any CPU
	EndGlobalSection
	GlobalSection(ProjectConfigurationPlatforms) = postSolution
		{F79DF93B-6220-6B24-B110-14BE1C6FCEFE}.Debug|Any CPU.ActiveCfg = Debug|Any CPU
		{F79DF93B-6220-6B24-B110-14BE1C6FCEFE}.Debug|Any CPU.Build.0 = Debug|Any CPU
		{F79DF93B-6220-6B24-B110-14BE1C6FCEFE}.Release|Any CPU.ActiveCfg = Release|Any CPU
		{F79DF93B-6220-6B24-B110-14BE1C6FCEFE}.Release|Any CPU.Build.0 = Release|Any CPU
		{BEACFA56-5FD1-4DBE-73B6-FD183A9AC4D7}.Debug|Any CPU.ActiveCfg = Debug|Any CPU
		{BEACFA56-5FD1-4DBE-73B6-FD183A9AC4D7}.Debug|Any CPU.Build.0 = Debug|Any CPU
		{BEACFA56-5FD1-4DBE-73B6-FD183A9AC4D7}.Release|Any CPU.ActiveCfg = Release|Any CPU
		{BEACFA56-5FD1-4DBE-73B6-FD183A9AC4D7}.Release|Any CPU.Build.0 = Release|Any CPU
		{5F63C8C6-6CD8-218F-F411-5081475800C3}.Debug|Any CPU.ActiveCfg = Debug|Any CPU
		{5F63C8C6-6CD8-218F-F411-5081475800C3}.Debug|Any CPU.Build.0 = Debug|Any CPU
		{5F63C8C6-6CD8-218F-F411-5081475800C3}.Release|Any CPU.ActiveCfg = Release|Any CPU
		{5F63C8C6-6CD8-218F-F411-5081475800C3}.Release|Any CPU.Build.0 = Release|Any CPU
		{753B92A2-8B8F-DE28-7C89-84668EBD73B7}.Debug|Any CPU.ActiveCfg = Debug|Any CPU
		{753B92A2-8B8F-DE28-7C89-84668EBD73B7}.Debug|Any CPU.Build.0 = Debug|Any CPU
		{753B92A2-8B8F-DE28-7C89-84668EBD73B7}.Release|Any CPU.ActiveCfg = Release|Any CPU
		{753B92A2-8B8F-DE28-7C89-84668EBD73B7}.Release|Any CPU.Build.0 = Release|Any CPU
		{F95AB4AD-1222-4528-82C0-FC844BF508E2}.Debug|Any CPU.ActiveCfg = Debug|Any CPU
		{F95AB4AD-1222-4528-82C0-FC844BF508E2}.Debug|Any CPU.Build.0 = Debug|Any CPU
		{F95AB4AD-1222-4528-82C0-FC844BF508E2}.Release|Any CPU.ActiveCfg = Release|Any CPU
		{F95AB4AD-1222-4528-82C0-FC844BF508E2}.Release|Any CPU.Build.0 = Release|Any CPU
		{C85C1218-04FB-4C2E-B9DA-DC746F215AF1}.Debug|Any CPU.ActiveCfg = Debug|Any CPU
		{C85C1218-04FB-4C2E-B9DA-DC746F215AF1}.Debug|Any CPU.Build.0 = Debug|Any CPU
		{C85C1218-04FB-4C2E-B9DA-DC746F215AF1}.Release|Any CPU.ActiveCfg = Release|Any CPU
		{C85C1218-04FB-4C2E-B9DA-DC746F215AF1}.Release|Any CPU.Build.0 = Release|Any CPU
		{1D2E6C0A-CE03-4C53-99E5-852E4EFC708B}.Debug|Any CPU.ActiveCfg = Debug|Any CPU
		{1D2E6C0A-CE03-4C53-99E5-852E4EFC708B}.Debug|Any CPU.Build.0 = Debug|Any CPU
		{1D2E6C0A-CE03-4C53-99E5-852E4EFC708B}.Release|Any CPU.ActiveCfg = Release|Any CPU
		{1D2E6C0A-CE03-4C53-99E5-852E4EFC708B}.Release|Any CPU.Build.0 = Release|Any CPU
		{6E5D14B5-7015-4240-B353-BDF3A5B65C6F}.Debug|Any CPU.ActiveCfg = Debug|Any CPU
		{6E5D14B5-7015-4240-B353-BDF3A5B65C6F}.Debug|Any CPU.Build.0 = Debug|Any CPU
		{6E5D14B5-7015-4240-B353-BDF3A5B65C6F}.Release|Any CPU.ActiveCfg = Release|Any CPU
		{6E5D14B5-7015-4240-B353-BDF3A5B65C6F}.Release|Any CPU.Build.0 = Release|Any CPU
	EndGlobalSection
	GlobalSection(SolutionProperties) = preSolution
		HideSolutionNode = FALSE
	EndGlobalSection
	GlobalSection(NestedProjects) = preSolution
		{02EA681E-C7D8-13C7-8484-4AC65E1B71E8} = {251F7CA3-9554-4ADC-97FE-B673754969E8}
		{32650331-705F-46AE-B5DD-BB2E0F71BA75} = {251F7CA3-9554-4ADC-97FE-B673754969E8}
		{B4FDB122-A767-4FDC-9E74-317664E0AB16} = {251F7CA3-9554-4ADC-97FE-B673754969E8}
		{8AA19372-0523-46CF-BE25-F013480C0D91} = {251F7CA3-9554-4ADC-97FE-B673754969E8}
		{7D9B651B-4AAB-4599-8A47-8A24FAD08E54} = {AF928565-74F3-471E-8E7B-B679989840A5}
		{F79DF93B-6220-6B24-B110-14BE1C6FCEFE} = {32650331-705F-46AE-B5DD-BB2E0F71BA75}
		{BEACFA56-5FD1-4DBE-73B6-FD183A9AC4D7} = {B4FDB122-A767-4FDC-9E74-317664E0AB16}
		{5F63C8C6-6CD8-218F-F411-5081475800C3} = {02EA681E-C7D8-13C7-8484-4AC65E1B71E8}
		{753B92A2-8B8F-DE28-7C89-84668EBD73B7} = {8AA19372-0523-46CF-BE25-F013480C0D91}
		{9C29F597-1CDA-4B60-9FDB-45E4B8CE20BD} = {AF928565-74F3-471E-8E7B-B679989840A5}
		{F95AB4AD-1222-4528-82C0-FC844BF508E2} = {9C29F597-1CDA-4B60-9FDB-45E4B8CE20BD}
		{C85C1218-04FB-4C2E-B9DA-DC746F215AF1} = {7D9B651B-4AAB-4599-8A47-8A24FAD08E54}
		{DC679307-7DA9-4312-B717-ECEE50A6F09F} = {AF928565-74F3-471E-8E7B-B679989840A5}
		{1D2E6C0A-CE03-4C53-99E5-852E4EFC708B} = {DC679307-7DA9-4312-B717-ECEE50A6F09F}
		{5073413F-37F9-4F6A-808D-17A9F44F98A3} = {AF928565-74F3-471E-8E7B-B679989840A5}
		{6E5D14B5-7015-4240-B353-BDF3A5B65C6F} = {5073413F-37F9-4F6A-808D-17A9F44F98A3}
	EndGlobalSection
	GlobalSection(ExtensibilityGlobals) = postSolution
		SolutionGuid = {CE6A0B05-6AF6-42DE-B7DC-A7694B297D84}
	EndGlobalSection
EndGlobal
